{
  "requires": true,
  "lockfileVersion": 1,
  "dependencies": {
    "pusher-push-notifications-node": {
      "version": "0.10.3",
      "resolved": "https://registry.npmjs.org/pusher-push-notifications-node/-/pusher-push-notifications-node-0.10.3.tgz",
      "integrity": "sha512-9Z3uCNmTm5NguFjh70AYebq4XrSeFg+q5XiYZVmlF9xjgrprY660PXwD+Zp1kRmQ9A6YrbkoEcCOMZ76byhNmA=="
    }
  }
}
