// !$*UTF8*$!
{
	archiveVersion = 1;
	classes = {
	};
	objectVersion = 50;
	objects = {

/* Begin PBXBuildFile section */
		2C4E18E47BB057095B773F26 /* Pods_DriveWayz.framework in Frameworks */ = {isa = PBXBuildFile; fileRef = AC4B79697BBED8523C777701 /* Pods_DriveWayz.framework */; };
		4D01DC5021704D0000846EE6 /* CurrentMessageViewController.swift in Sources */ = {isa = PBXBuildFile; fileRef = 4D01DC4F21704D0000846EE6 /* CurrentMessageViewController.swift */; };
		4D035F4821476BB100A380B8 /* PickCostViewController.swift in Sources */ = {isa = PBXBuildFile; fileRef = 4D035F4721476BB100A380B8 /* PickCostViewController.swift */; };
		4D035F4A21477DB500A380B8 /* SpotsMessageViewController.swift in Sources */ = {isa = PBXBuildFile; fileRef = 4D035F4921477DB500A380B8 /* SpotsMessageViewController.swift */; };
		4D057AF22115E4F6003F9EED /* ParkingReserveViewController.swift in Sources */ = {isa = PBXBuildFile; fileRef = 4D057AF12115E4F6003F9EED /* ParkingReserveViewController.swift */; };
		4D057AF42115F690003F9EED /* ExtendTimeViewController.swift in Sources */ = {isa = PBXBuildFile; fileRef = 4D057AF32115F690003F9EED /* ExtendTimeViewController.swift */; };
		4D15FE8020CD9CB8003FBE0A /* FirebaseAuth.framework in Frameworks */ = {isa = PBXBuildFile; fileRef = 4D15FE7F20CD9CB8003FBE0A /* FirebaseAuth.framework */; };
		4D19BB52211804360016F36F /* ProfileBannerAdsViewController.swift in Sources */ = {isa = PBXBuildFile; fileRef = 4D19BB51211804360016F36F /* ProfileBannerAdsViewController.swift */; };
		4D1AD4362106B8EF0024612A /* CouponsViewController.swift in Sources */ = {isa = PBXBuildFile; fileRef = 4D1AD4352106B8EF0024612A /* CouponsViewController.swift */; };
		4D1AD456210800C50024612A /* PersonalAvailabilityViewController.swift in Sources */ = {isa = PBXBuildFile; fileRef = 4D1AD455210800C50024612A /* PersonalAvailabilityViewController.swift */; };
		4D21D2D820CC9FC3002D7005 /* AppDelegate.swift in Sources */ = {isa = PBXBuildFile; fileRef = 4D21D2D720CC9FC3002D7005 /* AppDelegate.swift */; };
		4D21D2DD20CC9FC3002D7005 /* Main.storyboard in Resources */ = {isa = PBXBuildFile; fileRef = 4D21D2DB20CC9FC3002D7005 /* Main.storyboard */; };
		4D21D2E220CC9FC4002D7005 /* LaunchScreen.storyboard in Resources */ = {isa = PBXBuildFile; fileRef = 4D21D2E020CC9FC4002D7005 /* LaunchScreen.storyboard */; };
		4D21D31320CC9FF9002D7005 /* Users.swift in Sources */ = {isa = PBXBuildFile; fileRef = 4D21D2EC20CC9FF9002D7005 /* Users.swift */; };
		4D21D31720CC9FF9002D7005 /* Message.swift in Sources */ = {isa = PBXBuildFile; fileRef = 4D21D2F020CC9FF9002D7005 /* Message.swift */; };
		4D21D31820CC9FF9002D7005 /* Assets.xcassets in Resources */ = {isa = PBXBuildFile; fileRef = 4D21D2F120CC9FF9002D7005 /* Assets.xcassets */; };
		4D21D31A20CC9FF9002D7005 /* UserCell.swift in Sources */ = {isa = PBXBuildFile; fileRef = 4D21D2F320CC9FF9002D7005 /* UserCell.swift */; };
		4D21D31F20CC9FF9002D7005 /* Extensions.swift in Sources */ = {isa = PBXBuildFile; fileRef = 4D21D2FC20CC9FF9002D7005 /* Extensions.swift */; };
		4D21D32020CC9FF9002D7005 /* SettingNavViewController.swift in Sources */ = {isa = PBXBuildFile; fileRef = 4D21D2FD20CC9FF9002D7005 /* SettingNavViewController.swift */; };
		4D21D32420CC9FF9002D7005 /* FeedNavViewController.swift in Sources */ = {isa = PBXBuildFile; fileRef = 4D21D30120CC9FF9002D7005 /* FeedNavViewController.swift */; };
		4D21D32B20CC9FF9002D7005 /* NotificationsNavViewController.swift in Sources */ = {isa = PBXBuildFile; fileRef = 4D21D30820CC9FF9002D7005 /* NotificationsNavViewController.swift */; };
		4D21D32E20CC9FF9002D7005 /* AccountViewController.swift in Sources */ = {isa = PBXBuildFile; fileRef = 4D21D30B20CC9FF9002D7005 /* AccountViewController.swift */; };
		4D21D32F20CC9FF9002D7005 /* AccountNavViewController.swift in Sources */ = {isa = PBXBuildFile; fileRef = 4D21D30C20CC9FF9002D7005 /* AccountNavViewController.swift */; };
		4D26EE5D20E5A23E00E369EF /* ParkingSpots.swift in Sources */ = {isa = PBXBuildFile; fileRef = 4D26EE5C20E5A23E00E369EF /* ParkingSpots.swift */; };
		4D26EE6020E5C5DB00E369EF /* ParkingTableViewCell.swift in Sources */ = {isa = PBXBuildFile; fileRef = 4D26EE5E20E5C5DB00E369EF /* ParkingTableViewCell.swift */; };
		4D26EE6120E5C5DB00E369EF /* ParkingTableViewCell.xib in Resources */ = {isa = PBXBuildFile; fileRef = 4D26EE5F20E5C5DB00E369EF /* ParkingTableViewCell.xib */; };
		4D2B28FA2155B1960083F588 /* SignInViewController.swift in Sources */ = {isa = PBXBuildFile; fileRef = 4D2B28F92155B1960083F588 /* SignInViewController.swift */; };
		4D2C5F8A211938D100364CB6 /* ReserveViewController.swift in Sources */ = {isa = PBXBuildFile; fileRef = 4D2C5F89211938D100364CB6 /* ReserveViewController.swift */; };
		4D2C5F8D211A79AE00364CB6 /* SelectPurchaseViewController.swift in Sources */ = {isa = PBXBuildFile; fileRef = 4D2C5F8C211A79AE00364CB6 /* SelectPurchaseViewController.swift */; };
		4D2DDEAA2108B44B005AB485 /* ReviewsCell.swift in Sources */ = {isa = PBXBuildFile; fileRef = 4D2DDEA92108B44B005AB485 /* ReviewsCell.swift */; };
		4D2DDEAC21095F02005AB485 /* ParkingCurrentViewController.swift in Sources */ = {isa = PBXBuildFile; fileRef = 4D2DDEAB21095F02005AB485 /* ParkingCurrentViewController.swift */; };
		4D2EB5BA2101527A004AEA54 /* SaveParkingViewController.swift in Sources */ = {isa = PBXBuildFile; fileRef = 4D2EB5B92101527A004AEA54 /* SaveParkingViewController.swift */; };
		4D2EB5C221016EED004AEA54 /* ParkingStatus.swift in Sources */ = {isa = PBXBuildFile; fileRef = 4D2EB5C121016EED004AEA54 /* ParkingStatus.swift */; };
		4D2EB5C421038F34004AEA54 /* InformationViewController.swift in Sources */ = {isa = PBXBuildFile; fileRef = 4D2EB5C321038F34004AEA54 /* InformationViewController.swift */; };
		4D2EB5C621039486004AEA54 /* ParkingImageViewController.swift in Sources */ = {isa = PBXBuildFile; fileRef = 4D2EB5C521039486004AEA54 /* ParkingImageViewController.swift */; };
		4D2EB5C821062F88004AEA54 /* WalkthroughViewController.swift in Sources */ = {isa = PBXBuildFile; fileRef = 4D2EB5C721062F88004AEA54 /* WalkthroughViewController.swift */; };
		4D2EB5CA2106642A004AEA54 /* ContactUsViewController.swift in Sources */ = {isa = PBXBuildFile; fileRef = 4D2EB5C92106642A004AEA54 /* ContactUsViewController.swift */; };
		4D2EB5CE21068731004AEA54 /* TermsViewController.swift in Sources */ = {isa = PBXBuildFile; fileRef = 4D2EB5CD21068731004AEA54 /* TermsViewController.swift */; };
		4D37436220DC989900923BC4 /* TabViewController.swift in Sources */ = {isa = PBXBuildFile; fileRef = 4D37436120DC989900923BC4 /* TabViewController.swift */; };
		4D42F8C920CCA6AA005A95BB /* Default-568h@2x.png in Resources */ = {isa = PBXBuildFile; fileRef = 4D42F8C820CCA6AA005A95BB /* Default-568h@2x.png */; };
		4D45073521363B5E005CD8D7 /* AnalyticsViewController.swift in Sources */ = {isa = PBXBuildFile; fileRef = 4D45073421363B5E005CD8D7 /* AnalyticsViewController.swift */; };
		4D45073721370E85005CD8D7 /* RetentionViewController.swift in Sources */ = {isa = PBXBuildFile; fileRef = 4D45073621370E85005CD8D7 /* RetentionViewController.swift */; };
		4D45073C21377F34005CD8D7 /* NewUsersViewController.swift in Sources */ = {isa = PBXBuildFile; fileRef = 4D45073B21377F34005CD8D7 /* NewUsersViewController.swift */; };
		4D45074021379932005CD8D7 /* ProfitsViewController.swift in Sources */ = {isa = PBXBuildFile; fileRef = 4D45073F21379932005CD8D7 /* ProfitsViewController.swift */; };
		4D4D728F217945FF00D936DB /* ParkingMessageOptionsViewController.swift in Sources */ = {isa = PBXBuildFile; fileRef = 4D4D728E217945FF00D936DB /* ParkingMessageOptionsViewController.swift */; };
		4D53F9A620D97BFB00A1C1FA /* MapViewController.swift in Sources */ = {isa = PBXBuildFile; fileRef = 4D53F9A520D97BFB00A1C1FA /* MapViewController.swift */; };
		4D53F9A820D97C1800A1C1FA /* CustomMarkerView.swift in Sources */ = {isa = PBXBuildFile; fileRef = 4D53F9A720D97C1800A1C1FA /* CustomMarkerView.swift */; };
		4D53F9AC20D9837400A1C1FA /* NotificationsViewController.swift in Sources */ = {isa = PBXBuildFile; fileRef = 4D53F9AB20D9837400A1C1FA /* NotificationsViewController.swift */; };
		4D5F126C2176DFF800D9E38E /* HostMessageViewController.swift in Sources */ = {isa = PBXBuildFile; fileRef = 4D5F126B2176DFF800D9E38E /* HostMessageViewController.swift */; };
		4D665AF42117E6BB00CBA19A /* BannerAdViewController.swift in Sources */ = {isa = PBXBuildFile; fileRef = 4D665AF32117E6BB00CBA19A /* BannerAdViewController.swift */; };
		4D6A5A5D20CD8C0F00F404A7 /* CAGradientLayer.swift in Sources */ = {isa = PBXBuildFile; fileRef = 4D6A5A5C20CD8C0F00F404A7 /* CAGradientLayer.swift */; };
		4D6A5A7720CD976C00F404A7 /* Theme.swift in Sources */ = {isa = PBXBuildFile; fileRef = 4D6A5A7320CD976C00F404A7 /* Theme.swift */; };
		4D78BDFA214EE8E100631801 /* AccountSlideViewController.swift in Sources */ = {isa = PBXBuildFile; fileRef = 4D78BDF9214EE8E100631801 /* AccountSlideViewController.swift */; };
		4D78BDFC214F03F700631801 /* OptionsCell.swift in Sources */ = {isa = PBXBuildFile; fileRef = 4D78BDFB214F03F700631801 /* OptionsCell.swift */; };
		4D79A6F52152FA56003D1711 /* UpcomingViewController.swift in Sources */ = {isa = PBXBuildFile; fileRef = 4D79A6F42152FA56003D1711 /* UpcomingViewController.swift */; };
		4D8A3E3121667D6F00540905 /* MapKit.framework in Frameworks */ = {isa = PBXBuildFile; fileRef = 4D8A3E3021667D6F00540905 /* MapKit.framework */; };
		4D8CE1E5213FA51E00C6C61E /* ParkingAnnotationViews.swift in Sources */ = {isa = PBXBuildFile; fileRef = 4D8CE1E4213FA51E00C6C61E /* ParkingAnnotationViews.swift */; };
		4D8CE1EA2140C97D00C6C61E /* UpcomingInfoViewController.swift in Sources */ = {isa = PBXBuildFile; fileRef = 4D8CE1E92140C97D00C6C61E /* UpcomingInfoViewController.swift */; };
		4D8CFF352158433400FE22A5 /* RegisterViewController.swift in Sources */ = {isa = PBXBuildFile; fileRef = 4D8CFF342158433400FE22A5 /* RegisterViewController.swift */; };
		4D8CFF372158854E00FE22A5 /* LoginViewController.swift in Sources */ = {isa = PBXBuildFile; fileRef = 4D8CFF362158854E00FE22A5 /* LoginViewController.swift */; };
		4D8F3AD420DD7C6100B0AA67 /* StartUpViewController.swift in Sources */ = {isa = PBXBuildFile; fileRef = 4D8F3AD320DD7C6100B0AA67 /* StartUpViewController.swift */; };
		4D8F3ADA20DEF89900B0AA67 /* PanoViewController.swift in Sources */ = {isa = PBXBuildFile; fileRef = 4D8F3AD920DEF89900B0AA67 /* PanoViewController.swift */; };
		4D9FB807213EF70400899829 /* MapKitViewController.swift in Sources */ = {isa = PBXBuildFile; fileRef = 4D9FB806213EF70400899829 /* MapKitViewController.swift */; };
		4DA1FFF3216ED1F6004312F2 /* UserMessages.swift in Sources */ = {isa = PBXBuildFile; fileRef = 4DA1FFF2216ED1F6004312F2 /* UserMessages.swift */; };
		4DB06D0B2138CD26008A30ED /* HeatMapViewController.swift in Sources */ = {isa = PBXBuildFile; fileRef = 4DB06D0A2138CD26008A30ED /* HeatMapViewController.swift */; };
		4DB8F13021509F9900FC11BD /* VehicleViewController.swift in Sources */ = {isa = PBXBuildFile; fileRef = 4DB8F12F21509F9900FC11BD /* VehicleViewController.swift */; };
		4DB8F1322150AE4200FC11BD /* HostingViewController.swift in Sources */ = {isa = PBXBuildFile; fileRef = 4DB8F1312150AE4200FC11BD /* HostingViewController.swift */; };
		4DBC151B2142FEE3003CBED7 /* NotifyUpcomingViewController.swift in Sources */ = {isa = PBXBuildFile; fileRef = 4DBC151A2142FEE3003CBED7 /* NotifyUpcomingViewController.swift */; };
		4DC261B12145E05B00D6DCD3 /* ConfigureParkingViewController.swift in Sources */ = {isa = PBXBuildFile; fileRef = 4DC261B02145E05B00D6DCD3 /* ConfigureParkingViewController.swift */; };
		4DC261B4214710DC00D6DCD3 /* ScheduleAvailabilityViewController.swift in Sources */ = {isa = PBXBuildFile; fileRef = 4DC261B3214710DC00D6DCD3 /* ScheduleAvailabilityViewController.swift */; };
		4DC261B62147525E00D6DCD3 /* SelectTimesViewController.swift in Sources */ = {isa = PBXBuildFile; fileRef = 4DC261B52147525E00D6DCD3 /* SelectTimesViewController.swift */; };
		4DC886FD20F8E0FD000540D6 /* CurrentParkingViewController.swift in Sources */ = {isa = PBXBuildFile; fileRef = 4DC886FC20F8E0FD000540D6 /* CurrentParkingViewController.swift */; };
		4DCA492C20F018D500F00B3B /* CheckoutRowView.swift in Sources */ = {isa = PBXBuildFile; fileRef = 4DCA492620F018D200F00B3B /* CheckoutRowView.swift */; };
		4DCA492D20F018D500F00B3B /* Buttons.swift in Sources */ = {isa = PBXBuildFile; fileRef = 4DCA492720F018D200F00B3B /* Buttons.swift */; };
		4DCA492E20F018D500F00B3B /* CheckoutViewController.swift in Sources */ = {isa = PBXBuildFile; fileRef = 4DCA492820F018D300F00B3B /* CheckoutViewController.swift */; };
		4DCA492F20F018D500F00B3B /* MyAPIClient.swift in Sources */ = {isa = PBXBuildFile; fileRef = 4DCA492920F018D300F00B3B /* MyAPIClient.swift */; };
		4DCA493020F018D500F00B3B /* SettingsViewController.swift in Sources */ = {isa = PBXBuildFile; fileRef = 4DCA492A20F018D400F00B3B /* SettingsViewController.swift */; };
		4DCC6C0121134D3200AEEF35 /* LaunchAnimationsViewController.swift in Sources */ = {isa = PBXBuildFile; fileRef = 4DCC6C0021134D3200AEEF35 /* LaunchAnimationsViewController.swift */; };
		4DCC6C03211354A300AEEF35 /* Oswald-ExtraLight.ttf in Resources */ = {isa = PBXBuildFile; fileRef = 4DCC6C022113548300AEEF35 /* Oswald-ExtraLight.ttf */; };
		4DCCF9EA20CCA65300B70577 /* GoogleService-Info.plist in Resources */ = {isa = PBXBuildFile; fileRef = 4DCCF9E920CCA65300B70577 /* GoogleService-Info.plist */; };
		4DCDCD162173CE5C00E9E704 /* ChatMessageCell.swift in Sources */ = {isa = PBXBuildFile; fileRef = 4DCDCD152173CE5C00E9E704 /* ChatMessageCell.swift */; };
		4DCF0C6F20D7409F00C6D1AB /* Vehicles.swift in Sources */ = {isa = PBXBuildFile; fileRef = 4DCF0C6E20D7409F00C6D1AB /* Vehicles.swift */; };
		4DD01055217934AA000C0ADD /* HostMessageOptionsViewController.swift in Sources */ = {isa = PBXBuildFile; fileRef = 4DD01054217934AA000C0ADD /* HostMessageOptionsViewController.swift */; };
		4DD06254216DC0510026B600 /* UserMessagesViewController.swift in Sources */ = {isa = PBXBuildFile; fileRef = 4DD06253216DC0510026B600 /* UserMessagesViewController.swift */; };
		4DD370AF20F198DB005154C2 /* ParkingInfoViewController.swift in Sources */ = {isa = PBXBuildFile; fileRef = 4DD370AE20F198DB005154C2 /* ParkingInfoViewController.swift */; };
		4DD370B120F198F7005154C2 /* ParkingAvailabilityViewController.swift in Sources */ = {isa = PBXBuildFile; fileRef = 4DD370B020F198F7005154C2 /* ParkingAvailabilityViewController.swift */; };
		4DD370B320F19909005154C2 /* ParkingReviewsViewController.swift in Sources */ = {isa = PBXBuildFile; fileRef = 4DD370B220F19909005154C2 /* ParkingReviewsViewController.swift */; };
		4DD370B820F2D42A005154C2 /* DataChartsViewController.swift in Sources */ = {isa = PBXBuildFile; fileRef = 4DD370B720F2D42A005154C2 /* DataChartsViewController.swift */; };
		4DD9768520FE5446002C71BF /* PurchaseViewController.swift in Sources */ = {isa = PBXBuildFile; fileRef = 4DD9768420FE5446002C71BF /* PurchaseViewController.swift */; };
		4DE78F58216C5D8D00B99835 /* SendNotificationsViewController.swift in Sources */ = {isa = PBXBuildFile; fileRef = 4DE78F57216C5D8D00B99835 /* SendNotificationsViewController.swift */; };
		4DF19BF72118ABBC007D3310 /* BannerHostingViewController.swift in Sources */ = {isa = PBXBuildFile; fileRef = 4DF19BF62118ABBC007D3310 /* BannerHostingViewController.swift */; };
		4DFB2675217164B10081502B /* MessageOptionsViewController.swift in Sources */ = {isa = PBXBuildFile; fileRef = 4DFB2674217164B10081502B /* MessageOptionsViewController.swift */; };
		4DFB449820F407CA007A54B1 /* UserVehicleViewController.swift in Sources */ = {isa = PBXBuildFile; fileRef = 4DFB449720F407CA007A54B1 /* UserVehicleViewController.swift */; };
		4DFB449A20F407D6007A54B1 /* UserParkingViewController.swift in Sources */ = {isa = PBXBuildFile; fileRef = 4DFB449920F407D6007A54B1 /* UserParkingViewController.swift */; };
		4DFB449C20F419BC007A54B1 /* AddANewVehicleViewController.swift in Sources */ = {isa = PBXBuildFile; fileRef = 4DFB449B20F419BC007A54B1 /* AddANewVehicleViewController.swift */; };
		4DFB449E20F419D0007A54B1 /* AddANewParkingSpotViewController.swift in Sources */ = {isa = PBXBuildFile; fileRef = 4DFB449D20F419D0007A54B1 /* AddANewParkingSpotViewController.swift */; };
		4DFB44A220F59395007A54B1 /* BankAccountViewController.swift in Sources */ = {isa = PBXBuildFile; fileRef = 4DFB44A120F59395007A54B1 /* BankAccountViewController.swift */; };
		4DFC29112134989200013FC3 /* UserUpcomingViewController.swift in Sources */ = {isa = PBXBuildFile; fileRef = 4DFC29102134989200013FC3 /* UserUpcomingViewController.swift */; };
		4DFFC259210B4F09006D6062 /* CurrentViewController.swift in Sources */ = {isa = PBXBuildFile; fileRef = 4DFFC258210B4F09006D6062 /* CurrentViewController.swift */; };
		4DFFC25B210B4F55006D6062 /* UserRecentViewController.swift in Sources */ = {isa = PBXBuildFile; fileRef = 4DFFC25A210B4F55006D6062 /* UserRecentViewController.swift */; };
		4DFFC25D210B646E006D6062 /* RecentParkingCell.swift in Sources */ = {isa = PBXBuildFile; fileRef = 4DFFC25C210B646E006D6062 /* RecentParkingCell.swift */; };
		4DFFC262210C9A7E006D6062 /* LeaveReviewViewController.swift in Sources */ = {isa = PBXBuildFile; fileRef = 4DFFC261210C9A7E006D6062 /* LeaveReviewViewController.swift */; };
/* End PBXBuildFile section */

/* Begin PBXCopyFilesBuildPhase section */
		4DCFE79020FC2A6F00073677 /* Embed App Extensions */ = {
			isa = PBXCopyFilesBuildPhase;
			buildActionMask = 2147483647;
			dstPath = "";
			dstSubfolderSpec = 13;
			files = (
			);
			name = "Embed App Extensions";
			runOnlyForDeploymentPostprocessing = 0;
		};
/* End PBXCopyFilesBuildPhase section */

/* Begin PBXFileReference section */
		4D01DC4F21704D0000846EE6 /* CurrentMessageViewController.swift */ = {isa = PBXFileReference; lastKnownFileType = sourcecode.swift; path = CurrentMessageViewController.swift; sourceTree = "<group>"; };
		4D035F4721476BB100A380B8 /* PickCostViewController.swift */ = {isa = PBXFileReference; lastKnownFileType = sourcecode.swift; path = PickCostViewController.swift; sourceTree = "<group>"; };
		4D035F4921477DB500A380B8 /* SpotsMessageViewController.swift */ = {isa = PBXFileReference; lastKnownFileType = sourcecode.swift; path = SpotsMessageViewController.swift; sourceTree = "<group>"; };
		4D057AF12115E4F6003F9EED /* ParkingReserveViewController.swift */ = {isa = PBXFileReference; lastKnownFileType = sourcecode.swift; path = ParkingReserveViewController.swift; sourceTree = "<group>"; };
		4D057AF32115F690003F9EED /* ExtendTimeViewController.swift */ = {isa = PBXFileReference; lastKnownFileType = sourcecode.swift; path = ExtendTimeViewController.swift; sourceTree = "<group>"; };
		4D15FE7F20CD9CB8003FBE0A /* FirebaseAuth.framework */ = {isa = PBXFileReference; explicitFileType = wrapper.framework; path = FirebaseAuth.framework; sourceTree = BUILT_PRODUCTS_DIR; };
		4D19BB51211804360016F36F /* ProfileBannerAdsViewController.swift */ = {isa = PBXFileReference; lastKnownFileType = sourcecode.swift; path = ProfileBannerAdsViewController.swift; sourceTree = "<group>"; };
		4D1AD4352106B8EF0024612A /* CouponsViewController.swift */ = {isa = PBXFileReference; lastKnownFileType = sourcecode.swift; path = CouponsViewController.swift; sourceTree = "<group>"; };
		4D1AD455210800C50024612A /* PersonalAvailabilityViewController.swift */ = {isa = PBXFileReference; lastKnownFileType = sourcecode.swift; path = PersonalAvailabilityViewController.swift; sourceTree = "<group>"; };
		4D21D2D420CC9FC3002D7005 /* DriveWayz.app */ = {isa = PBXFileReference; explicitFileType = wrapper.application; includeInIndex = 0; path = DriveWayz.app; sourceTree = BUILT_PRODUCTS_DIR; };
		4D21D2D720CC9FC3002D7005 /* AppDelegate.swift */ = {isa = PBXFileReference; lastKnownFileType = sourcecode.swift; path = AppDelegate.swift; sourceTree = "<group>"; };
		4D21D2DC20CC9FC3002D7005 /* Base */ = {isa = PBXFileReference; lastKnownFileType = file.storyboard; name = Base; path = Base.lproj/Main.storyboard; sourceTree = "<group>"; };
		4D21D2E120CC9FC4002D7005 /* Base */ = {isa = PBXFileReference; lastKnownFileType = file.storyboard; name = Base; path = Base.lproj/LaunchScreen.storyboard; sourceTree = "<group>"; };
		4D21D2EC20CC9FF9002D7005 /* Users.swift */ = {isa = PBXFileReference; fileEncoding = 4; lastKnownFileType = sourcecode.swift; path = Users.swift; sourceTree = "<group>"; };
		4D21D2F020CC9FF9002D7005 /* Message.swift */ = {isa = PBXFileReference; fileEncoding = 4; lastKnownFileType = sourcecode.swift; path = Message.swift; sourceTree = "<group>"; };
		4D21D2F120CC9FF9002D7005 /* Assets.xcassets */ = {isa = PBXFileReference; lastKnownFileType = folder.assetcatalog; path = Assets.xcassets; sourceTree = "<group>"; };
		4D21D2F320CC9FF9002D7005 /* UserCell.swift */ = {isa = PBXFileReference; fileEncoding = 4; lastKnownFileType = sourcecode.swift; path = UserCell.swift; sourceTree = "<group>"; };
		4D21D2FC20CC9FF9002D7005 /* Extensions.swift */ = {isa = PBXFileReference; fileEncoding = 4; lastKnownFileType = sourcecode.swift; path = Extensions.swift; sourceTree = "<group>"; };
		4D21D2FD20CC9FF9002D7005 /* SettingNavViewController.swift */ = {isa = PBXFileReference; fileEncoding = 4; lastKnownFileType = sourcecode.swift; path = SettingNavViewController.swift; sourceTree = "<group>"; };
		4D21D30120CC9FF9002D7005 /* FeedNavViewController.swift */ = {isa = PBXFileReference; fileEncoding = 4; lastKnownFileType = sourcecode.swift; path = FeedNavViewController.swift; sourceTree = "<group>"; };
		4D21D30820CC9FF9002D7005 /* NotificationsNavViewController.swift */ = {isa = PBXFileReference; fileEncoding = 4; lastKnownFileType = sourcecode.swift; path = NotificationsNavViewController.swift; sourceTree = "<group>"; };
		4D21D30B20CC9FF9002D7005 /* AccountViewController.swift */ = {isa = PBXFileReference; fileEncoding = 4; lastKnownFileType = sourcecode.swift; path = AccountViewController.swift; sourceTree = "<group>"; };
		4D21D30C20CC9FF9002D7005 /* AccountNavViewController.swift */ = {isa = PBXFileReference; fileEncoding = 4; lastKnownFileType = sourcecode.swift; path = AccountNavViewController.swift; sourceTree = "<group>"; };
		4D26EE5C20E5A23E00E369EF /* ParkingSpots.swift */ = {isa = PBXFileReference; lastKnownFileType = sourcecode.swift; path = ParkingSpots.swift; sourceTree = "<group>"; };
		4D26EE5E20E5C5DB00E369EF /* ParkingTableViewCell.swift */ = {isa = PBXFileReference; lastKnownFileType = sourcecode.swift; path = ParkingTableViewCell.swift; sourceTree = "<group>"; };
		4D26EE5F20E5C5DB00E369EF /* ParkingTableViewCell.xib */ = {isa = PBXFileReference; lastKnownFileType = file.xib; path = ParkingTableViewCell.xib; sourceTree = "<group>"; };
		4D2B28F92155B1960083F588 /* SignInViewController.swift */ = {isa = PBXFileReference; lastKnownFileType = sourcecode.swift; path = SignInViewController.swift; sourceTree = "<group>"; };
		4D2C5F89211938D100364CB6 /* ReserveViewController.swift */ = {isa = PBXFileReference; lastKnownFileType = sourcecode.swift; path = ReserveViewController.swift; sourceTree = "<group>"; };
		4D2C5F8C211A79AE00364CB6 /* SelectPurchaseViewController.swift */ = {isa = PBXFileReference; lastKnownFileType = sourcecode.swift; path = SelectPurchaseViewController.swift; sourceTree = "<group>"; };
		4D2DDEA92108B44B005AB485 /* ReviewsCell.swift */ = {isa = PBXFileReference; lastKnownFileType = sourcecode.swift; path = ReviewsCell.swift; sourceTree = "<group>"; };
		4D2DDEAB21095F02005AB485 /* ParkingCurrentViewController.swift */ = {isa = PBXFileReference; lastKnownFileType = sourcecode.swift; path = ParkingCurrentViewController.swift; sourceTree = "<group>"; };
		4D2EB5B92101527A004AEA54 /* SaveParkingViewController.swift */ = {isa = PBXFileReference; lastKnownFileType = sourcecode.swift; path = SaveParkingViewController.swift; sourceTree = "<group>"; };
		4D2EB5C121016EED004AEA54 /* ParkingStatus.swift */ = {isa = PBXFileReference; lastKnownFileType = sourcecode.swift; path = ParkingStatus.swift; sourceTree = "<group>"; };
		4D2EB5C321038F34004AEA54 /* InformationViewController.swift */ = {isa = PBXFileReference; lastKnownFileType = sourcecode.swift; path = InformationViewController.swift; sourceTree = "<group>"; };
		4D2EB5C521039486004AEA54 /* ParkingImageViewController.swift */ = {isa = PBXFileReference; lastKnownFileType = sourcecode.swift; path = ParkingImageViewController.swift; sourceTree = "<group>"; };
		4D2EB5C721062F88004AEA54 /* WalkthroughViewController.swift */ = {isa = PBXFileReference; lastKnownFileType = sourcecode.swift; path = WalkthroughViewController.swift; sourceTree = "<group>"; };
		4D2EB5C92106642A004AEA54 /* ContactUsViewController.swift */ = {isa = PBXFileReference; lastKnownFileType = sourcecode.swift; path = ContactUsViewController.swift; sourceTree = "<group>"; };
		4D2EB5CD21068731004AEA54 /* TermsViewController.swift */ = {isa = PBXFileReference; lastKnownFileType = sourcecode.swift; path = TermsViewController.swift; sourceTree = "<group>"; };
		4D37436120DC989900923BC4 /* TabViewController.swift */ = {isa = PBXFileReference; lastKnownFileType = sourcecode.swift; path = TabViewController.swift; sourceTree = "<group>"; };
		4D42F8C820CCA6AA005A95BB /* Default-568h@2x.png */ = {isa = PBXFileReference; lastKnownFileType = image.png; path = "Default-568h@2x.png"; sourceTree = "<group>"; };
		4D45073421363B5E005CD8D7 /* AnalyticsViewController.swift */ = {isa = PBXFileReference; lastKnownFileType = sourcecode.swift; path = AnalyticsViewController.swift; sourceTree = "<group>"; };
		4D45073621370E85005CD8D7 /* RetentionViewController.swift */ = {isa = PBXFileReference; lastKnownFileType = sourcecode.swift; path = RetentionViewController.swift; sourceTree = "<group>"; };
		4D45073B21377F34005CD8D7 /* NewUsersViewController.swift */ = {isa = PBXFileReference; lastKnownFileType = sourcecode.swift; path = NewUsersViewController.swift; sourceTree = "<group>"; };
		4D45073F21379932005CD8D7 /* ProfitsViewController.swift */ = {isa = PBXFileReference; lastKnownFileType = sourcecode.swift; path = ProfitsViewController.swift; sourceTree = "<group>"; };
		4D4D728E217945FF00D936DB /* ParkingMessageOptionsViewController.swift */ = {isa = PBXFileReference; lastKnownFileType = sourcecode.swift; path = ParkingMessageOptionsViewController.swift; sourceTree = "<group>"; };
		4D53F9A520D97BFB00A1C1FA /* MapViewController.swift */ = {isa = PBXFileReference; lastKnownFileType = sourcecode.swift; path = MapViewController.swift; sourceTree = "<group>"; };
		4D53F9A720D97C1800A1C1FA /* CustomMarkerView.swift */ = {isa = PBXFileReference; lastKnownFileType = sourcecode.swift; path = CustomMarkerView.swift; sourceTree = "<group>"; };
		4D53F9AB20D9837400A1C1FA /* NotificationsViewController.swift */ = {isa = PBXFileReference; lastKnownFileType = sourcecode.swift; path = NotificationsViewController.swift; sourceTree = "<group>"; };
		4D5F126B2176DFF800D9E38E /* HostMessageViewController.swift */ = {isa = PBXFileReference; lastKnownFileType = sourcecode.swift; path = HostMessageViewController.swift; sourceTree = "<group>"; };
		4D665AF32117E6BB00CBA19A /* BannerAdViewController.swift */ = {isa = PBXFileReference; lastKnownFileType = sourcecode.swift; path = BannerAdViewController.swift; sourceTree = "<group>"; };
		4D6A5A5C20CD8C0F00F404A7 /* CAGradientLayer.swift */ = {isa = PBXFileReference; fileEncoding = 4; lastKnownFileType = sourcecode.swift; path = CAGradientLayer.swift; sourceTree = "<group>"; };
		4D6A5A7320CD976C00F404A7 /* Theme.swift */ = {isa = PBXFileReference; fileEncoding = 4; lastKnownFileType = sourcecode.swift; path = Theme.swift; sourceTree = "<group>"; };
		4D745B1620FB9CAD00F82BDF /* DriveWayz.entitlements */ = {isa = PBXFileReference; lastKnownFileType = text.plist.entitlements; path = DriveWayz.entitlements; sourceTree = "<group>"; };
		4D78BDF9214EE8E100631801 /* AccountSlideViewController.swift */ = {isa = PBXFileReference; lastKnownFileType = sourcecode.swift; path = AccountSlideViewController.swift; sourceTree = "<group>"; };
		4D78BDFB214F03F700631801 /* OptionsCell.swift */ = {isa = PBXFileReference; lastKnownFileType = sourcecode.swift; path = OptionsCell.swift; sourceTree = "<group>"; };
		4D79A6F42152FA56003D1711 /* UpcomingViewController.swift */ = {isa = PBXFileReference; lastKnownFileType = sourcecode.swift; path = UpcomingViewController.swift; sourceTree = "<group>"; };
		4D8A3E3021667D6F00540905 /* MapKit.framework */ = {isa = PBXFileReference; lastKnownFileType = wrapper.framework; name = MapKit.framework; path = System/Library/Frameworks/MapKit.framework; sourceTree = SDKROOT; };
		4D8CE1E4213FA51E00C6C61E /* ParkingAnnotationViews.swift */ = {isa = PBXFileReference; fileEncoding = 4; lastKnownFileType = sourcecode.swift; path = ParkingAnnotationViews.swift; sourceTree = "<group>"; };
		4D8CE1E92140C97D00C6C61E /* UpcomingInfoViewController.swift */ = {isa = PBXFileReference; lastKnownFileType = sourcecode.swift; path = UpcomingInfoViewController.swift; sourceTree = "<group>"; };
		4D8CFF342158433400FE22A5 /* RegisterViewController.swift */ = {isa = PBXFileReference; lastKnownFileType = sourcecode.swift; path = RegisterViewController.swift; sourceTree = "<group>"; };
		4D8CFF362158854E00FE22A5 /* LoginViewController.swift */ = {isa = PBXFileReference; lastKnownFileType = sourcecode.swift; path = LoginViewController.swift; sourceTree = "<group>"; };
		4D8F3AD320DD7C6100B0AA67 /* StartUpViewController.swift */ = {isa = PBXFileReference; lastKnownFileType = sourcecode.swift; path = StartUpViewController.swift; sourceTree = "<group>"; };
		4D8F3AD920DEF89900B0AA67 /* PanoViewController.swift */ = {isa = PBXFileReference; lastKnownFileType = sourcecode.swift; path = PanoViewController.swift; sourceTree = "<group>"; };
		4D9FB806213EF70400899829 /* MapKitViewController.swift */ = {isa = PBXFileReference; lastKnownFileType = sourcecode.swift; path = MapKitViewController.swift; sourceTree = "<group>"; };
		4DA1FFF2216ED1F6004312F2 /* UserMessages.swift */ = {isa = PBXFileReference; lastKnownFileType = sourcecode.swift; path = UserMessages.swift; sourceTree = "<group>"; };
		4DB06D0A2138CD26008A30ED /* HeatMapViewController.swift */ = {isa = PBXFileReference; lastKnownFileType = sourcecode.swift; path = HeatMapViewController.swift; sourceTree = "<group>"; };
		4DB8F12F21509F9900FC11BD /* VehicleViewController.swift */ = {isa = PBXFileReference; lastKnownFileType = sourcecode.swift; path = VehicleViewController.swift; sourceTree = "<group>"; };
		4DB8F1312150AE4200FC11BD /* HostingViewController.swift */ = {isa = PBXFileReference; lastKnownFileType = sourcecode.swift; path = HostingViewController.swift; sourceTree = "<group>"; };
		4DBC151A2142FEE3003CBED7 /* NotifyUpcomingViewController.swift */ = {isa = PBXFileReference; lastKnownFileType = sourcecode.swift; path = NotifyUpcomingViewController.swift; sourceTree = "<group>"; };
		4DC261B02145E05B00D6DCD3 /* ConfigureParkingViewController.swift */ = {isa = PBXFileReference; lastKnownFileType = sourcecode.swift; path = ConfigureParkingViewController.swift; sourceTree = "<group>"; };
		4DC261B3214710DC00D6DCD3 /* ScheduleAvailabilityViewController.swift */ = {isa = PBXFileReference; lastKnownFileType = sourcecode.swift; path = ScheduleAvailabilityViewController.swift; sourceTree = "<group>"; };
		4DC261B52147525E00D6DCD3 /* SelectTimesViewController.swift */ = {isa = PBXFileReference; lastKnownFileType = sourcecode.swift; path = SelectTimesViewController.swift; sourceTree = "<group>"; };
		4DC886FC20F8E0FD000540D6 /* CurrentParkingViewController.swift */ = {isa = PBXFileReference; lastKnownFileType = sourcecode.swift; path = CurrentParkingViewController.swift; sourceTree = "<group>"; };
		4DCA492620F018D200F00B3B /* CheckoutRowView.swift */ = {isa = PBXFileReference; fileEncoding = 4; lastKnownFileType = sourcecode.swift; path = CheckoutRowView.swift; sourceTree = "<group>"; };
		4DCA492720F018D200F00B3B /* Buttons.swift */ = {isa = PBXFileReference; fileEncoding = 4; lastKnownFileType = sourcecode.swift; path = Buttons.swift; sourceTree = "<group>"; };
		4DCA492820F018D300F00B3B /* CheckoutViewController.swift */ = {isa = PBXFileReference; fileEncoding = 4; lastKnownFileType = sourcecode.swift; path = CheckoutViewController.swift; sourceTree = "<group>"; };
		4DCA492920F018D300F00B3B /* MyAPIClient.swift */ = {isa = PBXFileReference; fileEncoding = 4; lastKnownFileType = sourcecode.swift; path = MyAPIClient.swift; sourceTree = "<group>"; };
		4DCA492A20F018D400F00B3B /* SettingsViewController.swift */ = {isa = PBXFileReference; fileEncoding = 4; lastKnownFileType = sourcecode.swift; path = SettingsViewController.swift; sourceTree = "<group>"; };
		4DCC6C0021134D3200AEEF35 /* LaunchAnimationsViewController.swift */ = {isa = PBXFileReference; lastKnownFileType = sourcecode.swift; path = LaunchAnimationsViewController.swift; sourceTree = "<group>"; };
		4DCC6C022113548300AEEF35 /* Oswald-ExtraLight.ttf */ = {isa = PBXFileReference; lastKnownFileType = file; path = "Oswald-ExtraLight.ttf"; sourceTree = "<group>"; };
		4DCCF9E920CCA65300B70577 /* GoogleService-Info.plist */ = {isa = PBXFileReference; fileEncoding = 4; lastKnownFileType = text.plist.xml; path = "GoogleService-Info.plist"; sourceTree = "<group>"; };
		4DCDCD152173CE5C00E9E704 /* ChatMessageCell.swift */ = {isa = PBXFileReference; fileEncoding = 4; lastKnownFileType = sourcecode.swift; name = ChatMessageCell.swift; path = ../../../CollegeFeed/CollegeFeed/ChatMessageCell.swift; sourceTree = "<group>"; };
		4DCF0C6E20D7409F00C6D1AB /* Vehicles.swift */ = {isa = PBXFileReference; lastKnownFileType = sourcecode.swift; path = Vehicles.swift; sourceTree = "<group>"; };
		4DD01054217934AA000C0ADD /* HostMessageOptionsViewController.swift */ = {isa = PBXFileReference; lastKnownFileType = sourcecode.swift; path = HostMessageOptionsViewController.swift; sourceTree = "<group>"; };
		4DD06253216DC0510026B600 /* UserMessagesViewController.swift */ = {isa = PBXFileReference; lastKnownFileType = sourcecode.swift; path = UserMessagesViewController.swift; sourceTree = "<group>"; };
		4DD370AE20F198DB005154C2 /* ParkingInfoViewController.swift */ = {isa = PBXFileReference; lastKnownFileType = sourcecode.swift; path = ParkingInfoViewController.swift; sourceTree = "<group>"; };
		4DD370B020F198F7005154C2 /* ParkingAvailabilityViewController.swift */ = {isa = PBXFileReference; lastKnownFileType = sourcecode.swift; path = ParkingAvailabilityViewController.swift; sourceTree = "<group>"; };
		4DD370B220F19909005154C2 /* ParkingReviewsViewController.swift */ = {isa = PBXFileReference; lastKnownFileType = sourcecode.swift; path = ParkingReviewsViewController.swift; sourceTree = "<group>"; };
		4DD370B620F2C362005154C2 /* drivewayz-Bridging-Header.h */ = {isa = PBXFileReference; lastKnownFileType = sourcecode.c.h; path = "drivewayz-Bridging-Header.h"; sourceTree = "<group>"; };
		4DD370B720F2D42A005154C2 /* DataChartsViewController.swift */ = {isa = PBXFileReference; lastKnownFileType = sourcecode.swift; path = DataChartsViewController.swift; sourceTree = "<group>"; };
		4DD9768420FE5446002C71BF /* PurchaseViewController.swift */ = {isa = PBXFileReference; fileEncoding = 4; lastKnownFileType = sourcecode.swift; path = PurchaseViewController.swift; sourceTree = "<group>"; };
		4DE2D6AE20CCAB2000A07A37 /* Info.plist */ = {isa = PBXFileReference; lastKnownFileType = text.plist.xml; name = Info.plist; path = /Users/tjcagle/Desktop/COAD/Apps/DriveWayz/DriveWayz/Info.plist; sourceTree = "<absolute>"; };
		4DE78F57216C5D8D00B99835 /* SendNotificationsViewController.swift */ = {isa = PBXFileReference; lastKnownFileType = sourcecode.swift; path = SendNotificationsViewController.swift; sourceTree = "<group>"; };
		4DF19BF62118ABBC007D3310 /* BannerHostingViewController.swift */ = {isa = PBXFileReference; lastKnownFileType = sourcecode.swift; path = BannerHostingViewController.swift; sourceTree = "<group>"; };
		4DFB2674217164B10081502B /* MessageOptionsViewController.swift */ = {isa = PBXFileReference; lastKnownFileType = sourcecode.swift; path = MessageOptionsViewController.swift; sourceTree = "<group>"; };
		4DFB449720F407CA007A54B1 /* UserVehicleViewController.swift */ = {isa = PBXFileReference; lastKnownFileType = sourcecode.swift; path = UserVehicleViewController.swift; sourceTree = "<group>"; };
		4DFB449920F407D6007A54B1 /* UserParkingViewController.swift */ = {isa = PBXFileReference; lastKnownFileType = sourcecode.swift; path = UserParkingViewController.swift; sourceTree = "<group>"; };
		4DFB449B20F419BC007A54B1 /* AddANewVehicleViewController.swift */ = {isa = PBXFileReference; lastKnownFileType = sourcecode.swift; path = AddANewVehicleViewController.swift; sourceTree = "<group>"; };
		4DFB449D20F419D0007A54B1 /* AddANewParkingSpotViewController.swift */ = {isa = PBXFileReference; lastKnownFileType = sourcecode.swift; path = AddANewParkingSpotViewController.swift; sourceTree = "<group>"; };
		4DFB44A120F59395007A54B1 /* BankAccountViewController.swift */ = {isa = PBXFileReference; lastKnownFileType = sourcecode.swift; path = BankAccountViewController.swift; sourceTree = "<group>"; };
		4DFC29102134989200013FC3 /* UserUpcomingViewController.swift */ = {isa = PBXFileReference; lastKnownFileType = sourcecode.swift; path = UserUpcomingViewController.swift; sourceTree = "<group>"; };
		4DFFC258210B4F09006D6062 /* CurrentViewController.swift */ = {isa = PBXFileReference; lastKnownFileType = sourcecode.swift; path = CurrentViewController.swift; sourceTree = "<group>"; };
		4DFFC25A210B4F55006D6062 /* UserRecentViewController.swift */ = {isa = PBXFileReference; lastKnownFileType = sourcecode.swift; path = UserRecentViewController.swift; sourceTree = "<group>"; };
		4DFFC25C210B646E006D6062 /* RecentParkingCell.swift */ = {isa = PBXFileReference; lastKnownFileType = sourcecode.swift; path = RecentParkingCell.swift; sourceTree = "<group>"; };
		4DFFC261210C9A7E006D6062 /* LeaveReviewViewController.swift */ = {isa = PBXFileReference; lastKnownFileType = sourcecode.swift; path = LeaveReviewViewController.swift; sourceTree = "<group>"; };
		8879E2175750127E208ECC2A /* Pods-DriveWayz.release.xcconfig */ = {isa = PBXFileReference; includeInIndex = 1; lastKnownFileType = text.xcconfig; name = "Pods-DriveWayz.release.xcconfig"; path = "Pods/Target Support Files/Pods-DriveWayz/Pods-DriveWayz.release.xcconfig"; sourceTree = "<group>"; };
		A72E08D5EE4F08B0DFAD2F0C /* Pods-DriveWayz.debug.xcconfig */ = {isa = PBXFileReference; includeInIndex = 1; lastKnownFileType = text.xcconfig; name = "Pods-DriveWayz.debug.xcconfig"; path = "Pods/Target Support Files/Pods-DriveWayz/Pods-DriveWayz.debug.xcconfig"; sourceTree = "<group>"; };
		AC4B79697BBED8523C777701 /* Pods_DriveWayz.framework */ = {isa = PBXFileReference; explicitFileType = wrapper.framework; includeInIndex = 0; path = Pods_DriveWayz.framework; sourceTree = BUILT_PRODUCTS_DIR; };
/* End PBXFileReference section */

/* Begin PBXFrameworksBuildPhase section */
		4D21D2D120CC9FC3002D7005 /* Frameworks */ = {
			isa = PBXFrameworksBuildPhase;
			buildActionMask = 2147483647;
			files = (
				4D15FE8020CD9CB8003FBE0A /* FirebaseAuth.framework in Frameworks */,
				4D8A3E3121667D6F00540905 /* MapKit.framework in Frameworks */,
				2C4E18E47BB057095B773F26 /* Pods_DriveWayz.framework in Frameworks */,
			);
			runOnlyForDeploymentPostprocessing = 0;
		};
/* End PBXFrameworksBuildPhase section */

/* Begin PBXGroup section */
		4D21D2CB20CC9FC3002D7005 = {
			isa = PBXGroup;
			children = (
				4D21D2D620CC9FC3002D7005 /* DriveWayz */,
				4D21D2D520CC9FC3002D7005 /* Products */,
				90AD91F4ABE5AAC0BB7393D9 /* Frameworks */,
				C9C49E0726D06EDFB827E636 /* Pods */,
			);
			sourceTree = "<group>";
		};
		4D21D2D520CC9FC3002D7005 /* Products */ = {
			isa = PBXGroup;
			children = (
				4D21D2D420CC9FC3002D7005 /* DriveWayz.app */,
			);
			name = Products;
			sourceTree = "<group>";
		};
		4D21D2D620CC9FC3002D7005 /* DriveWayz */ = {
			isa = PBXGroup;
			children = (
				4D745B1620FB9CAD00F82BDF /* DriveWayz.entitlements */,
				4D21D2D720CC9FC3002D7005 /* AppDelegate.swift */,
				4DCA492520F0186700F00B3B /* Stripe */,
				4D21D33420CCA0B3002D7005 /* Model */,
				4D21D33520CCA0D7002D7005 /* View */,
				4D21D33620CCA111002D7005 /* Enter Views */,
				4D21D33B20CCA19A002D7005 /* Tab Views */,
				4D21D33D20CCA485002D7005 /* Storyboards */,
				4DCCF9EB20CCA66100B70577 /* Assets */,
				4DCCF9E920CCA65300B70577 /* GoogleService-Info.plist */,
				4DE2D6AE20CCAB2000A07A37 /* Info.plist */,
			);
			path = DriveWayz;
			sourceTree = "<group>";
		};
		4D21D33420CCA0B3002D7005 /* Model */ = {
			isa = PBXGroup;
			children = (
				4D21D2EC20CC9FF9002D7005 /* Users.swift */,
				4D21D2F020CC9FF9002D7005 /* Message.swift */,
				4D26EE5C20E5A23E00E369EF /* ParkingSpots.swift */,
				4DCF0C6E20D7409F00C6D1AB /* Vehicles.swift */,
				4D21D2FC20CC9FF9002D7005 /* Extensions.swift */,
				4D6A5A5C20CD8C0F00F404A7 /* CAGradientLayer.swift */,
				4D6A5A7320CD976C00F404A7 /* Theme.swift */,
				4D2EB5C121016EED004AEA54 /* ParkingStatus.swift */,
			);
			path = Model;
			sourceTree = "<group>";
		};
		4D21D33520CCA0D7002D7005 /* View */ = {
			isa = PBXGroup;
			children = (
				4D21D2F320CC9FF9002D7005 /* UserCell.swift */,
				4D53F9A720D97C1800A1C1FA /* CustomMarkerView.swift */,
				4D2DDEA92108B44B005AB485 /* ReviewsCell.swift */,
				4DFFC25C210B646E006D6062 /* RecentParkingCell.swift */,
				4D78BDFB214F03F700631801 /* OptionsCell.swift */,
				4DA1FFF2216ED1F6004312F2 /* UserMessages.swift */,
				4DCDCD152173CE5C00E9E704 /* ChatMessageCell.swift */,
			);
			path = View;
			sourceTree = "<group>";
		};
		4D21D33620CCA111002D7005 /* Enter Views */ = {
			isa = PBXGroup;
			children = (
				4DCC6C0021134D3200AEEF35 /* LaunchAnimationsViewController.swift */,
				4D2B28FD2156D1E60083F588 /* Sign In */,
				4D37436120DC989900923BC4 /* TabViewController.swift */,
			);
			path = "Enter Views";
			sourceTree = "<group>";
		};
		4D21D33A20CCA18E002D7005 /* Account */ = {
			isa = PBXGroup;
			children = (
				4D21D30B20CC9FF9002D7005 /* AccountViewController.swift */,
				4D78BDF9214EE8E100631801 /* AccountSlideViewController.swift */,
				4DB8F12D21509C6E00FC11BD /* Account Controllers */,
				4D45073821370E8B005CD8D7 /* Analytics */,
				4DA91E0C217445DC0010C32D /* Messages */,
				4D79A6F32152F9DD003D1711 /* Upcoming */,
				4DB8F1332150B0BA00FC11BD /* Hosting */,
				4DC261B2214710A900D6DCD3 /* New Parking */,
				4DB8F12E21509F7600FC11BD /* Vehicle */,
				4DFFC260210C9A1D006D6062 /* Notifications-Banner Ads */,
				4D2EB5CB210686E9004AEA54 /* Account Options */,
			);
			path = Account;
			sourceTree = "<group>";
		};
		4D21D33B20CCA19A002D7005 /* Tab Views */ = {
			isa = PBXGroup;
			children = (
				4D53F9A420D97BC300A1C1FA /* Maps */,
				4D21D33A20CCA18E002D7005 /* Account */,
			);
			path = "Tab Views";
			sourceTree = "<group>";
		};
		4D21D33C20CCA463002D7005 /* Navigation */ = {
			isa = PBXGroup;
			children = (
				4D21D2FD20CC9FF9002D7005 /* SettingNavViewController.swift */,
				4D21D30120CC9FF9002D7005 /* FeedNavViewController.swift */,
				4D21D30820CC9FF9002D7005 /* NotificationsNavViewController.swift */,
				4D21D30C20CC9FF9002D7005 /* AccountNavViewController.swift */,
			);
			path = Navigation;
			sourceTree = "<group>";
		};
		4D21D33D20CCA485002D7005 /* Storyboards */ = {
			isa = PBXGroup;
			children = (
				4D21D33C20CCA463002D7005 /* Navigation */,
				4D21D2DB20CC9FC3002D7005 /* Main.storyboard */,
				4D21D2E020CC9FC4002D7005 /* LaunchScreen.storyboard */,
				4D26EE5E20E5C5DB00E369EF /* ParkingTableViewCell.swift */,
				4D26EE5F20E5C5DB00E369EF /* ParkingTableViewCell.xib */,
			);
			path = Storyboards;
			sourceTree = "<group>";
		};
		4D2B28FD2156D1E60083F588 /* Sign In */ = {
			isa = PBXGroup;
			children = (
				4D8F3AD320DD7C6100B0AA67 /* StartUpViewController.swift */,
				4D2B28F92155B1960083F588 /* SignInViewController.swift */,
				4D8CFF342158433400FE22A5 /* RegisterViewController.swift */,
				4D8CFF362158854E00FE22A5 /* LoginViewController.swift */,
			);
			path = "Sign In";
			sourceTree = "<group>";
		};
		4D2C5F8B211A799000364CB6 /* New Purchase */ = {
			isa = PBXGroup;
			children = (
				4D2C5F8C211A79AE00364CB6 /* SelectPurchaseViewController.swift */,
				4D2C5F89211938D100364CB6 /* ReserveViewController.swift */,
			);
			path = "New Purchase";
			sourceTree = "<group>";
		};
		4D2EB5CB210686E9004AEA54 /* Account Options */ = {
			isa = PBXGroup;
			children = (
				4D2EB5C721062F88004AEA54 /* WalkthroughViewController.swift */,
				4D2EB5C92106642A004AEA54 /* ContactUsViewController.swift */,
				4D2EB5CD21068731004AEA54 /* TermsViewController.swift */,
				4D1AD4352106B8EF0024612A /* CouponsViewController.swift */,
			);
			path = "Account Options";
			sourceTree = "<group>";
		};
		4D45073821370E8B005CD8D7 /* Analytics */ = {
			isa = PBXGroup;
			children = (
				4D45073621370E85005CD8D7 /* RetentionViewController.swift */,
				4D45073B21377F34005CD8D7 /* NewUsersViewController.swift */,
				4D45073F21379932005CD8D7 /* ProfitsViewController.swift */,
				4DB06D0A2138CD26008A30ED /* HeatMapViewController.swift */,
			);
			path = Analytics;
			sourceTree = "<group>";
		};
		4D53F9A420D97BC300A1C1FA /* Maps */ = {
			isa = PBXGroup;
			children = (
				4D8CE1E821406CDE00C6C61E /* Map Info */,
				4D9FB806213EF70400899829 /* MapKitViewController.swift */,
				4D2EB5C321038F34004AEA54 /* InformationViewController.swift */,
				4D2C5F8B211A799000364CB6 /* New Purchase */,
				4DFFC25F210C99FE006D6062 /* Current Information */,
			);
			path = Maps;
			sourceTree = "<group>";
		};
		4D79A6F32152F9DD003D1711 /* Upcoming */ = {
			isa = PBXGroup;
			children = (
				4DFC29102134989200013FC3 /* UserUpcomingViewController.swift */,
				4D8CE1E92140C97D00C6C61E /* UpcomingInfoViewController.swift */,
				4DFFC25A210B4F55006D6062 /* UserRecentViewController.swift */,
			);
			path = Upcoming;
			sourceTree = "<group>";
		};
		4D8CE1E821406CDE00C6C61E /* Map Info */ = {
			isa = PBXGroup;
			children = (
				4D53F9A520D97BFB00A1C1FA /* MapViewController.swift */,
				4D8CE1E4213FA51E00C6C61E /* ParkingAnnotationViews.swift */,
			);
			path = "Map Info";
			sourceTree = "<group>";
		};
		4DA91E0C217445DC0010C32D /* Messages */ = {
			isa = PBXGroup;
			children = (
				4D01DC4F21704D0000846EE6 /* CurrentMessageViewController.swift */,
				4D5F126B2176DFF800D9E38E /* HostMessageViewController.swift */,
				4DFB2674217164B10081502B /* MessageOptionsViewController.swift */,
				4D4D728E217945FF00D936DB /* ParkingMessageOptionsViewController.swift */,
				4DD01054217934AA000C0ADD /* HostMessageOptionsViewController.swift */,
			);
			path = Messages;
			sourceTree = "<group>";
		};
		4DB8F12D21509C6E00FC11BD /* Account Controllers */ = {
			isa = PBXGroup;
			children = (
				4D45073421363B5E005CD8D7 /* AnalyticsViewController.swift */,
				4DB8F12F21509F9900FC11BD /* VehicleViewController.swift */,
				4DB8F1312150AE4200FC11BD /* HostingViewController.swift */,
				4D79A6F42152FA56003D1711 /* UpcomingViewController.swift */,
				4DD06253216DC0510026B600 /* UserMessagesViewController.swift */,
			);
			path = "Account Controllers";
			sourceTree = "<group>";
		};
		4DB8F12E21509F7600FC11BD /* Vehicle */ = {
			isa = PBXGroup;
			children = (
				4DFB449720F407CA007A54B1 /* UserVehicleViewController.swift */,
				4DFB449B20F419BC007A54B1 /* AddANewVehicleViewController.swift */,
			);
			path = Vehicle;
			sourceTree = "<group>";
		};
		4DB8F1332150B0BA00FC11BD /* Hosting */ = {
			isa = PBXGroup;
			children = (
				4DFFC258210B4F09006D6062 /* CurrentViewController.swift */,
				4DFB449920F407D6007A54B1 /* UserParkingViewController.swift */,
				4DD370B720F2D42A005154C2 /* DataChartsViewController.swift */,
				4DFB44A120F59395007A54B1 /* BankAccountViewController.swift */,
				4D1AD455210800C50024612A /* PersonalAvailabilityViewController.swift */,
			);
			path = Hosting;
			sourceTree = "<group>";
		};
		4DC261B2214710A900D6DCD3 /* New Parking */ = {
			isa = PBXGroup;
			children = (
				4DFB449D20F419D0007A54B1 /* AddANewParkingSpotViewController.swift */,
				4D8F3AD920DEF89900B0AA67 /* PanoViewController.swift */,
				4DC261B02145E05B00D6DCD3 /* ConfigureParkingViewController.swift */,
				4DC261B3214710DC00D6DCD3 /* ScheduleAvailabilityViewController.swift */,
				4DC261B52147525E00D6DCD3 /* SelectTimesViewController.swift */,
				4D035F4721476BB100A380B8 /* PickCostViewController.swift */,
				4D035F4921477DB500A380B8 /* SpotsMessageViewController.swift */,
				4D2EB5B92101527A004AEA54 /* SaveParkingViewController.swift */,
			);
			path = "New Parking";
			sourceTree = "<group>";
		};
		4DCA492520F0186700F00B3B /* Stripe */ = {
			isa = PBXGroup;
			children = (
				4DFFC25E210C9965006D6062 /* Old Payment */,
				4DD9768320FE5433002C71BF /* Payment */,
			);
			path = Stripe;
			sourceTree = "<group>";
		};
		4DCCF9EB20CCA66100B70577 /* Assets */ = {
			isa = PBXGroup;
			children = (
				4D21D2F120CC9FF9002D7005 /* Assets.xcassets */,
				4DCC6C022113548300AEEF35 /* Oswald-ExtraLight.ttf */,
				4D42F8C820CCA6AA005A95BB /* Default-568h@2x.png */,
				4DD370B620F2C362005154C2 /* drivewayz-Bridging-Header.h */,
			);
			path = Assets;
			sourceTree = "<group>";
		};
		4DD9768320FE5433002C71BF /* Payment */ = {
			isa = PBXGroup;
			children = (
				4D53F9AB20D9837400A1C1FA /* NotificationsViewController.swift */,
				4DD9768420FE5446002C71BF /* PurchaseViewController.swift */,
				4DCA492920F018D300F00B3B /* MyAPIClient.swift */,
			);
			path = Payment;
			sourceTree = "<group>";
		};
		4DDE4512216D2ABD00E81DEB /* Handle Notifications */ = {
			isa = PBXGroup;
			children = (
				4DC886FC20F8E0FD000540D6 /* CurrentParkingViewController.swift */,
				4DE78F57216C5D8D00B99835 /* SendNotificationsViewController.swift */,
			);
			path = "Handle Notifications";
			sourceTree = "<group>";
		};
		4DFFC25E210C9965006D6062 /* Old Payment */ = {
			isa = PBXGroup;
			children = (
				4DCA492720F018D200F00B3B /* Buttons.swift */,
				4DCA492620F018D200F00B3B /* CheckoutRowView.swift */,
				4DCA492820F018D300F00B3B /* CheckoutViewController.swift */,
				4DCA492A20F018D400F00B3B /* SettingsViewController.swift */,
			);
			path = "Old Payment";
			sourceTree = "<group>";
		};
		4DFFC25F210C99FE006D6062 /* Current Information */ = {
			isa = PBXGroup;
			children = (
				4DD370AE20F198DB005154C2 /* ParkingInfoViewController.swift */,
				4D2DDEAB21095F02005AB485 /* ParkingCurrentViewController.swift */,
				4D057AF12115E4F6003F9EED /* ParkingReserveViewController.swift */,
				4D057AF32115F690003F9EED /* ExtendTimeViewController.swift */,
				4D2EB5C521039486004AEA54 /* ParkingImageViewController.swift */,
				4D665AF32117E6BB00CBA19A /* BannerAdViewController.swift */,
				4DF19BF62118ABBC007D3310 /* BannerHostingViewController.swift */,
				4DD370B020F198F7005154C2 /* ParkingAvailabilityViewController.swift */,
				4DD370B220F19909005154C2 /* ParkingReviewsViewController.swift */,
				4DFFC261210C9A7E006D6062 /* LeaveReviewViewController.swift */,
				4DDE4512216D2ABD00E81DEB /* Handle Notifications */,
			);
			path = "Current Information";
			sourceTree = "<group>";
		};
		4DFFC260210C9A1D006D6062 /* Notifications-Banner Ads */ = {
			isa = PBXGroup;
			children = (
				4DBC151A2142FEE3003CBED7 /* NotifyUpcomingViewController.swift */,
				4D19BB51211804360016F36F /* ProfileBannerAdsViewController.swift */,
			);
			path = "Notifications-Banner Ads";
			sourceTree = "<group>";
		};
		90AD91F4ABE5AAC0BB7393D9 /* Frameworks */ = {
			isa = PBXGroup;
			children = (
				4D8A3E3021667D6F00540905 /* MapKit.framework */,
				4D15FE7F20CD9CB8003FBE0A /* FirebaseAuth.framework */,
				AC4B79697BBED8523C777701 /* Pods_DriveWayz.framework */,
			);
			name = Frameworks;
			sourceTree = "<group>";
		};
		C9C49E0726D06EDFB827E636 /* Pods */ = {
			isa = PBXGroup;
			children = (
				A72E08D5EE4F08B0DFAD2F0C /* Pods-DriveWayz.debug.xcconfig */,
				8879E2175750127E208ECC2A /* Pods-DriveWayz.release.xcconfig */,
			);
			name = Pods;
			sourceTree = "<group>";
		};
/* End PBXGroup section */

/* Begin PBXNativeTarget section */
		4D21D2D320CC9FC3002D7005 /* DriveWayz */ = {
			isa = PBXNativeTarget;
			buildConfigurationList = 4D21D2E620CC9FC4002D7005 /* Build configuration list for PBXNativeTarget "DriveWayz" */;
			buildPhases = (
				3699B46E2ECAEC90D8AE4F8A /* [CP] Check Pods Manifest.lock */,
				4D21D2D020CC9FC3002D7005 /* Sources */,
				4D21D2D120CC9FC3002D7005 /* Frameworks */,
				4D21D2D220CC9FC3002D7005 /* Resources */,
				4DCFE79020FC2A6F00073677 /* Embed App Extensions */,
				AA26FDB9D24854F4AD05636F /* [CP] Embed Pods Frameworks */,
				EC6A1B2D1499A8B727DDB30F /* [CP] Copy Pods Resources */,
			);
			buildRules = (
			);
			dependencies = (
			);
			name = DriveWayz;
			productName = DriveWayz;
			productReference = 4D21D2D420CC9FC3002D7005 /* DriveWayz.app */;
			productType = "com.apple.product-type.application";
		};
/* End PBXNativeTarget section */

/* Begin PBXProject section */
		4D21D2CC20CC9FC3002D7005 /* Project object */ = {
			isa = PBXProject;
			attributes = {
				LastSwiftUpdateCheck = 0940;
				LastUpgradeCheck = 0940;
				ORGANIZATIONNAME = COAD;
				TargetAttributes = {
					4D21D2D320CC9FC3002D7005 = {
						CreatedOnToolsVersion = 9.4;
						LastSwiftMigration = 1000;
						SystemCapabilities = {
							com.apple.BackgroundModes = {
								enabled = 1;
							};
							com.apple.Maps.iOS = {
								enabled = 1;
							};
							com.apple.Push = {
								enabled = 1;
							};
							com.apple.iCloud = {
								enabled = 0;
							};
						};
					};
				};
			};
			buildConfigurationList = 4D21D2CF20CC9FC3002D7005 /* Build configuration list for PBXProject "DriveWayz" */;
			compatibilityVersion = "Xcode 9.3";
			developmentRegion = en;
			hasScannedForEncodings = 0;
			knownRegions = (
				en,
				Base,
			);
			mainGroup = 4D21D2CB20CC9FC3002D7005;
			productRefGroup = 4D21D2D520CC9FC3002D7005 /* Products */;
			projectDirPath = "";
			projectRoot = "";
			targets = (
				4D21D2D320CC9FC3002D7005 /* DriveWayz */,
			);
		};
/* End PBXProject section */

/* Begin PBXResourcesBuildPhase section */
		4D21D2D220CC9FC3002D7005 /* Resources */ = {
			isa = PBXResourcesBuildPhase;
			buildActionMask = 2147483647;
			files = (
				4DCC6C03211354A300AEEF35 /* Oswald-ExtraLight.ttf in Resources */,
				4D26EE6120E5C5DB00E369EF /* ParkingTableViewCell.xib in Resources */,
				4D21D2E220CC9FC4002D7005 /* LaunchScreen.storyboard in Resources */,
				4D21D2DD20CC9FC3002D7005 /* Main.storyboard in Resources */,
				4DCCF9EA20CCA65300B70577 /* GoogleService-Info.plist in Resources */,
				4D42F8C920CCA6AA005A95BB /* Default-568h@2x.png in Resources */,
				4D21D31820CC9FF9002D7005 /* Assets.xcassets in Resources */,
			);
			runOnlyForDeploymentPostprocessing = 0;
		};
/* End PBXResourcesBuildPhase section */

/* Begin PBXShellScriptBuildPhase section */
		3699B46E2ECAEC90D8AE4F8A /* [CP] Check Pods Manifest.lock */ = {
			isa = PBXShellScriptBuildPhase;
			buildActionMask = 2147483647;
			files = (
			);
			inputPaths = (
				"${PODS_PODFILE_DIR_PATH}/Podfile.lock",
				"${PODS_ROOT}/Manifest.lock",
			);
			name = "[CP] Check Pods Manifest.lock";
			outputPaths = (
				"$(DERIVED_FILE_DIR)/Pods-DriveWayz-checkManifestLockResult.txt",
			);
			runOnlyForDeploymentPostprocessing = 0;
			shellPath = /bin/sh;
			shellScript = "diff \"${PODS_PODFILE_DIR_PATH}/Podfile.lock\" \"${PODS_ROOT}/Manifest.lock\" > /dev/null\nif [ $? != 0 ] ; then\n    # print error to STDERR\n    echo \"error: The sandbox is not in sync with the Podfile.lock. Run 'pod install' or update your CocoaPods installation.\" >&2\n    exit 1\nfi\n# This output is used by Xcode 'outputs' to avoid re-running this script phase.\necho \"SUCCESS\" > \"${SCRIPT_OUTPUT_FILE_0}\"\n";
			showEnvVarsInLog = 0;
		};
		AA26FDB9D24854F4AD05636F /* [CP] Embed Pods Frameworks */ = {
			isa = PBXShellScriptBuildPhase;
			buildActionMask = 2147483647;
			files = (
			);
			inputPaths = (
				"${SRCROOT}/Pods/Target Support Files/Pods-DriveWayz/Pods-DriveWayz-frameworks.sh",
				"${BUILT_PRODUCTS_DIR}/Alamofire/Alamofire.framework",
				"${BUILT_PRODUCTS_DIR}/Bolts/Bolts.framework",
				"${BUILT_PRODUCTS_DIR}/Charts/Charts.framework",
				"${BUILT_PRODUCTS_DIR}/Cosmos/Cosmos.framework",
				"${BUILT_PRODUCTS_DIR}/FBSDKCoreKit/FBSDKCoreKit.framework",
				"${BUILT_PRODUCTS_DIR}/FBSDKLoginKit/FBSDKLoginKit.framework",
				"${BUILT_PRODUCTS_DIR}/FacebookCore/FacebookCore.framework",
				"${BUILT_PRODUCTS_DIR}/FacebookLogin/FacebookLogin.framework",
				"${BUILT_PRODUCTS_DIR}/GTMOAuth2/GTMOAuth2.framework",
				"${BUILT_PRODUCTS_DIR}/GTMSessionFetcher/GTMSessionFetcher.framework",
				"${BUILT_PRODUCTS_DIR}/GoogleAPIClientForREST/GoogleAPIClientForREST.framework",
				"${BUILT_PRODUCTS_DIR}/GoogleToolboxForMac/GoogleToolboxForMac.framework",
				"${BUILT_PRODUCTS_DIR}/GoogleUtilities/GoogleUtilities.framework",
				"${BUILT_PRODUCTS_DIR}/MapboxStatic.swift/MapboxStatic.framework",
				"${BUILT_PRODUCTS_DIR}/NVActivityIndicatorView/NVActivityIndicatorView.framework",
				"${BUILT_PRODUCTS_DIR}/Protobuf/Protobuf.framework",
				"${BUILT_PRODUCTS_DIR}/PushNotifications/PushNotifications.framework",
				"${BUILT_PRODUCTS_DIR}/Stripe/Stripe.framework",
				"${BUILT_PRODUCTS_DIR}/SwiftyJSON/SwiftyJSON.framework",
				"${BUILT_PRODUCTS_DIR}/TOMSMorphingLabel/TOMSMorphingLabel.framework",
				"${BUILT_PRODUCTS_DIR}/TextFieldEffects/TextFieldEffects.framework",
				"${BUILT_PRODUCTS_DIR}/leveldb-library/leveldb.framework",
				"${BUILT_PRODUCTS_DIR}/nanopb/nanopb.framework",
			);
			name = "[CP] Embed Pods Frameworks";
			outputPaths = (
				"${TARGET_BUILD_DIR}/${FRAMEWORKS_FOLDER_PATH}/Alamofire.framework",
				"${TARGET_BUILD_DIR}/${FRAMEWORKS_FOLDER_PATH}/Bolts.framework",
				"${TARGET_BUILD_DIR}/${FRAMEWORKS_FOLDER_PATH}/Charts.framework",
				"${TARGET_BUILD_DIR}/${FRAMEWORKS_FOLDER_PATH}/Cosmos.framework",
				"${TARGET_BUILD_DIR}/${FRAMEWORKS_FOLDER_PATH}/FBSDKCoreKit.framework",
				"${TARGET_BUILD_DIR}/${FRAMEWORKS_FOLDER_PATH}/FBSDKLoginKit.framework",
				"${TARGET_BUILD_DIR}/${FRAMEWORKS_FOLDER_PATH}/FacebookCore.framework",
				"${TARGET_BUILD_DIR}/${FRAMEWORKS_FOLDER_PATH}/FacebookLogin.framework",
				"${TARGET_BUILD_DIR}/${FRAMEWORKS_FOLDER_PATH}/GTMOAuth2.framework",
				"${TARGET_BUILD_DIR}/${FRAMEWORKS_FOLDER_PATH}/GTMSessionFetcher.framework",
				"${TARGET_BUILD_DIR}/${FRAMEWORKS_FOLDER_PATH}/GoogleAPIClientForREST.framework",
				"${TARGET_BUILD_DIR}/${FRAMEWORKS_FOLDER_PATH}/GoogleToolboxForMac.framework",
				"${TARGET_BUILD_DIR}/${FRAMEWORKS_FOLDER_PATH}/GoogleUtilities.framework",
				"${TARGET_BUILD_DIR}/${FRAMEWORKS_FOLDER_PATH}/MapboxStatic.framework",
				"${TARGET_BUILD_DIR}/${FRAMEWORKS_FOLDER_PATH}/NVActivityIndicatorView.framework",
				"${TARGET_BUILD_DIR}/${FRAMEWORKS_FOLDER_PATH}/Protobuf.framework",
				"${TARGET_BUILD_DIR}/${FRAMEWORKS_FOLDER_PATH}/PushNotifications.framework",
				"${TARGET_BUILD_DIR}/${FRAMEWORKS_FOLDER_PATH}/Stripe.framework",
				"${TARGET_BUILD_DIR}/${FRAMEWORKS_FOLDER_PATH}/SwiftyJSON.framework",
				"${TARGET_BUILD_DIR}/${FRAMEWORKS_FOLDER_PATH}/TOMSMorphingLabel.framework",
				"${TARGET_BUILD_DIR}/${FRAMEWORKS_FOLDER_PATH}/TextFieldEffects.framework",
				"${TARGET_BUILD_DIR}/${FRAMEWORKS_FOLDER_PATH}/leveldb.framework",
				"${TARGET_BUILD_DIR}/${FRAMEWORKS_FOLDER_PATH}/nanopb.framework",
			);
			runOnlyForDeploymentPostprocessing = 0;
			shellPath = /bin/sh;
			shellScript = "\"${SRCROOT}/Pods/Target Support Files/Pods-DriveWayz/Pods-DriveWayz-frameworks.sh\"\n";
			showEnvVarsInLog = 0;
		};
		EC6A1B2D1499A8B727DDB30F /* [CP] Copy Pods Resources */ = {
			isa = PBXShellScriptBuildPhase;
			buildActionMask = 2147483647;
			files = (
			);
			inputPaths = (
				"${SRCROOT}/Pods/Target Support Files/Pods-DriveWayz/Pods-DriveWayz-resources.sh",
				"${PODS_ROOT}/FirebaseInvites/Resources/GINInviteResources.bundle",
				"${PODS_ROOT}/FirebaseInvites/Resources/GPPACLPickerResources.bundle",
				"${PODS_ROOT}/GoogleMaps/Maps/Frameworks/GoogleMaps.framework/Resources/GoogleMaps.bundle",
				"${PODS_ROOT}/GooglePlacePicker/Frameworks/GooglePlacePicker.framework/Resources/GooglePlacePicker.bundle",
				"${PODS_ROOT}/GooglePlaces/Frameworks/GooglePlaces.framework/Resources/GooglePlaces.bundle",
				"${PODS_ROOT}/GoogleSignIn/Resources/GoogleSignIn.bundle",
			);
			name = "[CP] Copy Pods Resources";
			outputPaths = (
				"${TARGET_BUILD_DIR}/${UNLOCALIZED_RESOURCES_FOLDER_PATH}/GINInviteResources.bundle",
				"${TARGET_BUILD_DIR}/${UNLOCALIZED_RESOURCES_FOLDER_PATH}/GPPACLPickerResources.bundle",
				"${TARGET_BUILD_DIR}/${UNLOCALIZED_RESOURCES_FOLDER_PATH}/GoogleMaps.bundle",
				"${TARGET_BUILD_DIR}/${UNLOCALIZED_RESOURCES_FOLDER_PATH}/GooglePlacePicker.bundle",
				"${TARGET_BUILD_DIR}/${UNLOCALIZED_RESOURCES_FOLDER_PATH}/GooglePlaces.bundle",
				"${TARGET_BUILD_DIR}/${UNLOCALIZED_RESOURCES_FOLDER_PATH}/GoogleSignIn.bundle",
			);
			runOnlyForDeploymentPostprocessing = 0;
			shellPath = /bin/sh;
			shellScript = "\"${SRCROOT}/Pods/Target Support Files/Pods-DriveWayz/Pods-DriveWayz-resources.sh\"\n";
			showEnvVarsInLog = 0;
		};
/* End PBXShellScriptBuildPhase section */

/* Begin PBXSourcesBuildPhase section */
		4D21D2D020CC9FC3002D7005 /* Sources */ = {
			isa = PBXSourcesBuildPhase;
			buildActionMask = 2147483647;
			files = (
				4D8CE1E5213FA51E00C6C61E /* ParkingAnnotationViews.swift in Sources */,
				4DB8F13021509F9900FC11BD /* VehicleViewController.swift in Sources */,
				4DFFC259210B4F09006D6062 /* CurrentViewController.swift in Sources */,
				4D21D31320CC9FF9002D7005 /* Users.swift in Sources */,
				4D2EB5BA2101527A004AEA54 /* SaveParkingViewController.swift in Sources */,
				4DCA492E20F018D500F00B3B /* CheckoutViewController.swift in Sources */,
				4D45074021379932005CD8D7 /* ProfitsViewController.swift in Sources */,
				4D8CE1EA2140C97D00C6C61E /* UpcomingInfoViewController.swift in Sources */,
				4DD370AF20F198DB005154C2 /* ParkingInfoViewController.swift in Sources */,
				4DC886FD20F8E0FD000540D6 /* CurrentParkingViewController.swift in Sources */,
				4D8F3ADA20DEF89900B0AA67 /* PanoViewController.swift in Sources */,
				4DF19BF72118ABBC007D3310 /* BannerHostingViewController.swift in Sources */,
				4DFB449820F407CA007A54B1 /* UserVehicleViewController.swift in Sources */,
				4DC261B62147525E00D6DCD3 /* SelectTimesViewController.swift in Sources */,
				4D6A5A5D20CD8C0F00F404A7 /* CAGradientLayer.swift in Sources */,
				4D1AD4362106B8EF0024612A /* CouponsViewController.swift in Sources */,
				4D21D32020CC9FF9002D7005 /* SettingNavViewController.swift in Sources */,
				4DD06254216DC0510026B600 /* UserMessagesViewController.swift in Sources */,
				4D53F9AC20D9837400A1C1FA /* NotificationsViewController.swift in Sources */,
				4DD370B320F19909005154C2 /* ParkingReviewsViewController.swift in Sources */,
				4D2EB5C821062F88004AEA54 /* WalkthroughViewController.swift in Sources */,
				4D2C5F8D211A79AE00364CB6 /* SelectPurchaseViewController.swift in Sources */,
				4D2EB5C421038F34004AEA54 /* InformationViewController.swift in Sources */,
				4D8F3AD420DD7C6100B0AA67 /* StartUpViewController.swift in Sources */,
				4DCA493020F018D500F00B3B /* SettingsViewController.swift in Sources */,
				4DD01055217934AA000C0ADD /* HostMessageOptionsViewController.swift in Sources */,
				4DFB2675217164B10081502B /* MessageOptionsViewController.swift in Sources */,
				4DC261B4214710DC00D6DCD3 /* ScheduleAvailabilityViewController.swift in Sources */,
				4D2EB5C221016EED004AEA54 /* ParkingStatus.swift in Sources */,
				4DBC151B2142FEE3003CBED7 /* NotifyUpcomingViewController.swift in Sources */,
				4D21D32F20CC9FF9002D7005 /* AccountNavViewController.swift in Sources */,
				4DFFC25B210B4F55006D6062 /* UserRecentViewController.swift in Sources */,
				4D057AF22115E4F6003F9EED /* ParkingReserveViewController.swift in Sources */,
				4DCA492D20F018D500F00B3B /* Buttons.swift in Sources */,
				4DD370B820F2D42A005154C2 /* DataChartsViewController.swift in Sources */,
				4D9FB807213EF70400899829 /* MapKitViewController.swift in Sources */,
				4D21D32420CC9FF9002D7005 /* FeedNavViewController.swift in Sources */,
				4D21D32B20CC9FF9002D7005 /* NotificationsNavViewController.swift in Sources */,
				4D78BDFC214F03F700631801 /* OptionsCell.swift in Sources */,
				4DCDCD162173CE5C00E9E704 /* ChatMessageCell.swift in Sources */,
				4D26EE5D20E5A23E00E369EF /* ParkingSpots.swift in Sources */,
				4DFC29112134989200013FC3 /* UserUpcomingViewController.swift in Sources */,
				4D53F9A620D97BFB00A1C1FA /* MapViewController.swift in Sources */,
				4D057AF42115F690003F9EED /* ExtendTimeViewController.swift in Sources */,
				4D26EE6020E5C5DB00E369EF /* ParkingTableViewCell.swift in Sources */,
				4DC261B12145E05B00D6DCD3 /* ConfigureParkingViewController.swift in Sources */,
				4DFFC262210C9A7E006D6062 /* LeaveReviewViewController.swift in Sources */,
				4DFB44A220F59395007A54B1 /* BankAccountViewController.swift in Sources */,
				4D21D31A20CC9FF9002D7005 /* UserCell.swift in Sources */,
				4DFB449E20F419D0007A54B1 /* AddANewParkingSpotViewController.swift in Sources */,
				4D79A6F52152FA56003D1711 /* UpcomingViewController.swift in Sources */,
				4D6A5A7720CD976C00F404A7 /* Theme.swift in Sources */,
				4DFB449C20F419BC007A54B1 /* AddANewVehicleViewController.swift in Sources */,
				4D45073721370E85005CD8D7 /* RetentionViewController.swift in Sources */,
				4D21D31F20CC9FF9002D7005 /* Extensions.swift in Sources */,
				4D01DC5021704D0000846EE6 /* CurrentMessageViewController.swift in Sources */,
				4D21D31720CC9FF9002D7005 /* Message.swift in Sources */,
				4D2EB5CE21068731004AEA54 /* TermsViewController.swift in Sources */,
				4D5F126C2176DFF800D9E38E /* HostMessageViewController.swift in Sources */,
				4DCA492F20F018D500F00B3B /* MyAPIClient.swift in Sources */,
				4D8CFF352158433400FE22A5 /* RegisterViewController.swift in Sources */,
				4D1AD456210800C50024612A /* PersonalAvailabilityViewController.swift in Sources */,
				4D035F4A21477DB500A380B8 /* SpotsMessageViewController.swift in Sources */,
				4D2EB5C621039486004AEA54 /* ParkingImageViewController.swift in Sources */,
				4D78BDFA214EE8E100631801 /* AccountSlideViewController.swift in Sources */,
				4DCC6C0121134D3200AEEF35 /* LaunchAnimationsViewController.swift in Sources */,
				4D37436220DC989900923BC4 /* TabViewController.swift in Sources */,
				4D2DDEAA2108B44B005AB485 /* ReviewsCell.swift in Sources */,
				4D2DDEAC21095F02005AB485 /* ParkingCurrentViewController.swift in Sources */,
				4D21D32E20CC9FF9002D7005 /* AccountViewController.swift in Sources */,
				4DD370B120F198F7005154C2 /* ParkingAvailabilityViewController.swift in Sources */,
				4D2B28FA2155B1960083F588 /* SignInViewController.swift in Sources */,
				4D4D728F217945FF00D936DB /* ParkingMessageOptionsViewController.swift in Sources */,
				4D2EB5CA2106642A004AEA54 /* ContactUsViewController.swift in Sources */,
				4DD9768520FE5446002C71BF /* PurchaseViewController.swift in Sources */,
				4D035F4821476BB100A380B8 /* PickCostViewController.swift in Sources */,
				4D665AF42117E6BB00CBA19A /* BannerAdViewController.swift in Sources */,
				4D2C5F8A211938D100364CB6 /* ReserveViewController.swift in Sources */,
				4D45073C21377F34005CD8D7 /* NewUsersViewController.swift in Sources */,
				4DE78F58216C5D8D00B99835 /* SendNotificationsViewController.swift in Sources */,
				4D8CFF372158854E00FE22A5 /* LoginViewController.swift in Sources */,
				4D19BB52211804360016F36F /* ProfileBannerAdsViewController.swift in Sources */,
				4DCA492C20F018D500F00B3B /* CheckoutRowView.swift in Sources */,
				4DFFC25D210B646E006D6062 /* RecentParkingCell.swift in Sources */,
				4DB8F1322150AE4200FC11BD /* HostingViewController.swift in Sources */,
				4D53F9A820D97C1800A1C1FA /* CustomMarkerView.swift in Sources */,
				4D21D2D820CC9FC3002D7005 /* AppDelegate.swift in Sources */,
				4DFB449A20F407D6007A54B1 /* UserParkingViewController.swift in Sources */,
				4DA1FFF3216ED1F6004312F2 /* UserMessages.swift in Sources */,
				4DB06D0B2138CD26008A30ED /* HeatMapViewController.swift in Sources */,
				4DCF0C6F20D7409F00C6D1AB /* Vehicles.swift in Sources */,
				4D45073521363B5E005CD8D7 /* AnalyticsViewController.swift in Sources */,
			);
			runOnlyForDeploymentPostprocessing = 0;
		};
/* End PBXSourcesBuildPhase section */

/* Begin PBXVariantGroup section */
		4D21D2DB20CC9FC3002D7005 /* Main.storyboard */ = {
			isa = PBXVariantGroup;
			children = (
				4D21D2DC20CC9FC3002D7005 /* Base */,
			);
			name = Main.storyboard;
			sourceTree = "<group>";
		};
		4D21D2E020CC9FC4002D7005 /* LaunchScreen.storyboard */ = {
			isa = PBXVariantGroup;
			children = (
				4D21D2E120CC9FC4002D7005 /* Base */,
			);
			name = LaunchScreen.storyboard;
			sourceTree = "<group>";
		};
/* End PBXVariantGroup section */

/* Begin XCBuildConfiguration section */
		4D21D2E420CC9FC4002D7005 /* Debug */ = {
			isa = XCBuildConfiguration;
			buildSettings = {
				ALWAYS_SEARCH_USER_PATHS = NO;
				CLANG_ANALYZER_NONNULL = YES;
				CLANG_ANALYZER_NUMBER_OBJECT_CONVERSION = YES_AGGRESSIVE;
				CLANG_CXX_LANGUAGE_STANDARD = "gnu++14";
				CLANG_CXX_LIBRARY = "libc++";
				CLANG_ENABLE_MODULES = YES;
				CLANG_ENABLE_OBJC_ARC = YES;
				CLANG_ENABLE_OBJC_WEAK = YES;
				CLANG_WARN_BLOCK_CAPTURE_AUTORELEASING = YES;
				CLANG_WARN_BOOL_CONVERSION = YES;
				CLANG_WARN_COMMA = YES;
				CLANG_WARN_CONSTANT_CONVERSION = YES;
				CLANG_WARN_DEPRECATED_OBJC_IMPLEMENTATIONS = YES;
				CLANG_WARN_DIRECT_OBJC_ISA_USAGE = YES_ERROR;
				CLANG_WARN_DOCUMENTATION_COMMENTS = YES;
				CLANG_WARN_EMPTY_BODY = YES;
				CLANG_WARN_ENUM_CONVERSION = YES;
				CLANG_WARN_INFINITE_RECURSION = YES;
				CLANG_WARN_INT_CONVERSION = YES;
				CLANG_WARN_NON_LITERAL_NULL_CONVERSION = YES;
				CLANG_WARN_OBJC_IMPLICIT_RETAIN_SELF = YES;
				CLANG_WARN_OBJC_LITERAL_CONVERSION = YES;
				CLANG_WARN_OBJC_ROOT_CLASS = YES_ERROR;
				CLANG_WARN_RANGE_LOOP_ANALYSIS = YES;
				CLANG_WARN_STRICT_PROTOTYPES = YES;
				CLANG_WARN_SUSPICIOUS_MOVE = YES;
				CLANG_WARN_UNGUARDED_AVAILABILITY = YES_AGGRESSIVE;
				CLANG_WARN_UNREACHABLE_CODE = YES;
				CLANG_WARN__DUPLICATE_METHOD_MATCH = YES;
				CODE_SIGN_IDENTITY = "iPhone Developer";
				COPY_PHASE_STRIP = NO;
				DEBUG_INFORMATION_FORMAT = dwarf;
				ENABLE_STRICT_OBJC_MSGSEND = YES;
				ENABLE_TESTABILITY = YES;
				GCC_C_LANGUAGE_STANDARD = gnu11;
				GCC_DYNAMIC_NO_PIC = NO;
				GCC_NO_COMMON_BLOCKS = YES;
				GCC_OPTIMIZATION_LEVEL = 0;
				GCC_PREPROCESSOR_DEFINITIONS = (
					"DEBUG=1",
					"$(inherited)",
				);
				GCC_WARN_64_TO_32_BIT_CONVERSION = YES;
				GCC_WARN_ABOUT_RETURN_TYPE = YES_ERROR;
				GCC_WARN_UNDECLARED_SELECTOR = YES;
				GCC_WARN_UNINITIALIZED_AUTOS = YES_AGGRESSIVE;
				GCC_WARN_UNUSED_FUNCTION = YES;
				GCC_WARN_UNUSED_VARIABLE = YES;
				IPHONEOS_DEPLOYMENT_TARGET = 11.4;
				MTL_ENABLE_DEBUG_INFO = YES;
				ONLY_ACTIVE_ARCH = YES;
				SDKROOT = iphoneos;
				SWIFT_ACTIVE_COMPILATION_CONDITIONS = DEBUG;
				SWIFT_OPTIMIZATION_LEVEL = "-Onone";
			};
			name = Debug;
		};
		4D21D2E520CC9FC4002D7005 /* Release */ = {
			isa = XCBuildConfiguration;
			buildSettings = {
				ALWAYS_SEARCH_USER_PATHS = NO;
				CLANG_ANALYZER_NONNULL = YES;
				CLANG_ANALYZER_NUMBER_OBJECT_CONVERSION = YES_AGGRESSIVE;
				CLANG_CXX_LANGUAGE_STANDARD = "gnu++14";
				CLANG_CXX_LIBRARY = "libc++";
				CLANG_ENABLE_MODULES = YES;
				CLANG_ENABLE_OBJC_ARC = YES;
				CLANG_ENABLE_OBJC_WEAK = YES;
				CLANG_WARN_BLOCK_CAPTURE_AUTORELEASING = YES;
				CLANG_WARN_BOOL_CONVERSION = YES;
				CLANG_WARN_COMMA = YES;
				CLANG_WARN_CONSTANT_CONVERSION = YES;
				CLANG_WARN_DEPRECATED_OBJC_IMPLEMENTATIONS = YES;
				CLANG_WARN_DIRECT_OBJC_ISA_USAGE = YES_ERROR;
				CLANG_WARN_DOCUMENTATION_COMMENTS = YES;
				CLANG_WARN_EMPTY_BODY = YES;
				CLANG_WARN_ENUM_CONVERSION = YES;
				CLANG_WARN_INFINITE_RECURSION = YES;
				CLANG_WARN_INT_CONVERSION = YES;
				CLANG_WARN_NON_LITERAL_NULL_CONVERSION = YES;
				CLANG_WARN_OBJC_IMPLICIT_RETAIN_SELF = YES;
				CLANG_WARN_OBJC_LITERAL_CONVERSION = YES;
				CLANG_WARN_OBJC_ROOT_CLASS = YES_ERROR;
				CLANG_WARN_RANGE_LOOP_ANALYSIS = YES;
				CLANG_WARN_STRICT_PROTOTYPES = YES;
				CLANG_WARN_SUSPICIOUS_MOVE = YES;
				CLANG_WARN_UNGUARDED_AVAILABILITY = YES_AGGRESSIVE;
				CLANG_WARN_UNREACHABLE_CODE = YES;
				CLANG_WARN__DUPLICATE_METHOD_MATCH = YES;
				CODE_SIGN_IDENTITY = "iPhone Developer";
				COPY_PHASE_STRIP = NO;
				DEBUG_INFORMATION_FORMAT = "dwarf-with-dsym";
				ENABLE_NS_ASSERTIONS = NO;
				ENABLE_STRICT_OBJC_MSGSEND = YES;
				GCC_C_LANGUAGE_STANDARD = gnu11;
				GCC_NO_COMMON_BLOCKS = YES;
				GCC_WARN_64_TO_32_BIT_CONVERSION = YES;
				GCC_WARN_ABOUT_RETURN_TYPE = YES_ERROR;
				GCC_WARN_UNDECLARED_SELECTOR = YES;
				GCC_WARN_UNINITIALIZED_AUTOS = YES_AGGRESSIVE;
				GCC_WARN_UNUSED_FUNCTION = YES;
				GCC_WARN_UNUSED_VARIABLE = YES;
				IPHONEOS_DEPLOYMENT_TARGET = 11.4;
				MTL_ENABLE_DEBUG_INFO = NO;
				SDKROOT = iphoneos;
				SWIFT_COMPILATION_MODE = wholemodule;
				SWIFT_OPTIMIZATION_LEVEL = "-O";
				VALIDATE_PRODUCT = YES;
			};
			name = Release;
		};
		4D21D2E720CC9FC4002D7005 /* Debug */ = {
			isa = XCBuildConfiguration;
			baseConfigurationReference = A72E08D5EE4F08B0DFAD2F0C /* Pods-DriveWayz.debug.xcconfig */;
			buildSettings = {
				ASSETCATALOG_COMPILER_APPICON_NAME = AppIcon;
				CODE_SIGN_ENTITLEMENTS = DriveWayz/DriveWayz.entitlements;
				CODE_SIGN_STYLE = Automatic;
				DEVELOPMENT_TEAM = 435YL82FQ2;
				INFOPLIST_FILE = DriveWayz/Info.plist;
				IPHONEOS_DEPLOYMENT_TARGET = 11.0;
				LD_RUNPATH_SEARCH_PATHS = (
					"$(inherited)",
					"@executable_path/Frameworks",
				);
				PRODUCT_BUNDLE_IDENTIFIER = com.coappdesign.drivewayz;
				PRODUCT_NAME = "$(TARGET_NAME)";
				SWIFT_OBJC_BRIDGING_HEADER = "/Users/tjcagle/Desktop/COAD/Apps/DriveWayz/DriveWayz/Assets/drivewayz-Bridging-Header.h";
				SWIFT_VERSION = 4.2;
				TARGETED_DEVICE_FAMILY = "1,2";
			};
			name = Debug;
		};
		4D21D2E820CC9FC4002D7005 /* Release */ = {
			isa = XCBuildConfiguration;
			baseConfigurationReference = 8879E2175750127E208ECC2A /* Pods-DriveWayz.release.xcconfig */;
			buildSettings = {
				ASSETCATALOG_COMPILER_APPICON_NAME = AppIcon;
				CODE_SIGN_ENTITLEMENTS = DriveWayz/DriveWayz.entitlements;
				CODE_SIGN_STYLE = Automatic;
				DEVELOPMENT_TEAM = 435YL82FQ2;
				INFOPLIST_FILE = DriveWayz/Info.plist;
				IPHONEOS_DEPLOYMENT_TARGET = 11.0;
				LD_RUNPATH_SEARCH_PATHS = (
					"$(inherited)",
					"@executable_path/Frameworks",
				);
				PRODUCT_BUNDLE_IDENTIFIER = com.coappdesign.drivewayz;
				PRODUCT_NAME = "$(TARGET_NAME)";
				SWIFT_OBJC_BRIDGING_HEADER = "/Users/tjcagle/Desktop/COAD/Apps/DriveWayz/DriveWayz/Assets/drivewayz-Bridging-Header.h";
				SWIFT_VERSION = 4.2;
				TARGETED_DEVICE_FAMILY = "1,2";
			};
			name = Release;
		};
/* End XCBuildConfiguration section */

/* Begin XCConfigurationList section */
		4D21D2CF20CC9FC3002D7005 /* Build configuration list for PBXProject "DriveWayz" */ = {
			isa = XCConfigurationList;
			buildConfigurations = (
				4D21D2E420CC9FC4002D7005 /* Debug */,
				4D21D2E520CC9FC4002D7005 /* Release */,
			);
			defaultConfigurationIsVisible = 0;
			defaultConfigurationName = Release;
		};
		4D21D2E620CC9FC4002D7005 /* Build configuration list for PBXNativeTarget "DriveWayz" */ = {
			isa = XCConfigurationList;
			buildConfigurations = (
				4D21D2E720CC9FC4002D7005 /* Debug */,
				4D21D2E820CC9FC4002D7005 /* Release */,
			);
			defaultConfigurationIsVisible = 0;
			defaultConfigurationName = Release;
		};
/* End XCConfigurationList section */
	};
	rootObject = 4D21D2CC20CC9FC3002D7005 /* Project object */;
}
